// !$*UTF8*$!
{
	archiveVersion = 1;
	classes = {
	};
	objectVersion = 46;
	objects = {

/* Begin PBXBuildFile section */
		764D445C1DA3096700E14968 /* AppDelegate.swift in Sources */ = {isa = PBXBuildFile; fileRef = 764D445B1DA3096700E14968 /* AppDelegate.swift */; };
		764D445E1DA3096800E14968 /* ViewController.swift in Sources */ = {isa = PBXBuildFile; fileRef = 764D445D1DA3096800E14968 /* ViewController.swift */; };
		764D44611DA3096800E14968 /* Main.storyboard in Resources */ = {isa = PBXBuildFile; fileRef = 764D445F1DA3096800E14968 /* Main.storyboard */; };
		764D44631DA3096800E14968 /* Assets.xcassets in Resources */ = {isa = PBXBuildFile; fileRef = 764D44621DA3096800E14968 /* Assets.xcassets */; };
		764D44661DA3096800E14968 /* LaunchScreen.storyboard in Resources */ = {isa = PBXBuildFile; fileRef = 764D44641DA3096800E14968 /* LaunchScreen.storyboard */; };
		764D44721DA30B8000E14968 /* GoogleService-Info.plist in Resources */ = {isa = PBXBuildFile; fileRef = 764D44711DA30B8000E14968 /* GoogleService-Info.plist */; };
		764D44741DA30C7500E14968 /* User.swift in Sources */ = {isa = PBXBuildFile; fileRef = 764D44731DA30C7500E14968 /* User.swift */; };
		764D44761DA30D0D00E14968 /* Follower.swift in Sources */ = {isa = PBXBuildFile; fileRef = 764D44751DA30D0D00E14968 /* Follower.swift */; };
		764D44781DA30D1D00E14968 /* DatabaseService.swift in Sources */ = {isa = PBXBuildFile; fileRef = 764D44771DA30D1D00E14968 /* DatabaseService.swift */; };
		764D447A1DA30D6200E14968 /* Post.swift in Sources */ = {isa = PBXBuildFile; fileRef = 764D44791DA30D6200E14968 /* Post.swift */; };
		764D447C1DA30DA100E14968 /* UserVC.swift in Sources */ = {isa = PBXBuildFile; fileRef = 764D447B1DA30DA100E14968 /* UserVC.swift */; };
		764D447F1DA3119D00E14968 /* PostVC.swift in Sources */ = {isa = PBXBuildFile; fileRef = 764D447E1DA3119D00E14968 /* PostVC.swift */; };
		76DBC6541DA3156B0038CC85 /* Constants.swift in Sources */ = {isa = PBXBuildFile; fileRef = 76DBC6531DA3156B0038CC85 /* Constants.swift */; };
		76DBC6561DA34BFB0038CC85 /* FeedTableViewCell.swift in Sources */ = {isa = PBXBuildFile; fileRef = 76DBC6551DA34BFB0038CC85 /* FeedTableViewCell.swift */; };
		76DBC65A1DA34E760038CC85 /* FeedTVC.swift in Sources */ = {isa = PBXBuildFile; fileRef = 76DBC6591DA34E760038CC85 /* FeedTVC.swift */; };
		7A2E59CCE0D723C48F002A33 /* Pods_InstagramAWS.framework in Frameworks */ = {isa = PBXBuildFile; fileRef = 01EF6B63E68E4484E2229405 /* Pods_InstagramAWS.framework */; };
/* End PBXBuildFile section */

/* Begin PBXFileReference section */
		01EF6B63E68E4484E2229405 /* Pods_InstagramAWS.framework */ = {isa = PBXFileReference; explicitFileType = wrapper.framework; includeInIndex = 0; path = Pods_InstagramAWS.framework; sourceTree = BUILT_PRODUCTS_DIR; };
		291035FAB46B6D1798AF8E08 /* Pods-InstagramAWS.debug.xcconfig */ = {isa = PBXFileReference; includeInIndex = 1; lastKnownFileType = text.xcconfig; name = "Pods-InstagramAWS.debug.xcconfig"; path = "Pods/Target Support Files/Pods-InstagramAWS/Pods-InstagramAWS.debug.xcconfig"; sourceTree = "<group>"; };
		764D44581DA3096700E14968 /* InstagramAWS.app */ = {isa = PBXFileReference; explicitFileType = wrapper.application; includeInIndex = 0; path = InstagramAWS.app; sourceTree = BUILT_PRODUCTS_DIR; };
		764D445B1DA3096700E14968 /* AppDelegate.swift */ = {isa = PBXFileReference; lastKnownFileType = sourcecode.swift; path = AppDelegate.swift; sourceTree = "<group>"; };
		764D445D1DA3096800E14968 /* ViewController.swift */ = {isa = PBXFileReference; lastKnownFileType = sourcecode.swift; path = ViewController.swift; sourceTree = "<group>"; };
		764D44601DA3096800E14968 /* Base */ = {isa = PBXFileReference; lastKnownFileType = file.storyboard; name = Base; path = Base.lproj/Main.storyboard; sourceTree = "<group>"; };
		764D44621DA3096800E14968 /* Assets.xcassets */ = {isa = PBXFileReference; lastKnownFileType = folder.assetcatalog; path = Assets.xcassets; sourceTree = "<group>"; };
		764D44651DA3096800E14968 /* Base */ = {isa = PBXFileReference; lastKnownFileType = file.storyboard; name = Base; path = Base.lproj/LaunchScreen.storyboard; sourceTree = "<group>"; };
		764D44671DA3096800E14968 /* Info.plist */ = {isa = PBXFileReference; lastKnownFileType = text.plist.xml; path = Info.plist; sourceTree = "<group>"; };
		764D44711DA30B8000E14968 /* GoogleService-Info.plist */ = {isa = PBXFileReference; fileEncoding = 4; lastKnownFileType = text.plist.xml; name = "GoogleService-Info.plist"; path = "../../../../Downloads/GoogleService-Info.plist"; sourceTree = "<group>"; };
		764D44731DA30C7500E14968 /* User.swift */ = {isa = PBXFileReference; fileEncoding = 4; lastKnownFileType = sourcecode.swift; path = User.swift; sourceTree = "<group>"; };
		764D44751DA30D0D00E14968 /* Follower.swift */ = {isa = PBXFileReference; fileEncoding = 4; lastKnownFileType = sourcecode.swift; path = Follower.swift; sourceTree = "<group>"; };
		764D44771DA30D1D00E14968 /* DatabaseService.swift */ = {isa = PBXFileReference; fileEncoding = 4; lastKnownFileType = sourcecode.swift; path = DatabaseService.swift; sourceTree = "<group>"; };
		764D44791DA30D6200E14968 /* Post.swift */ = {isa = PBXFileReference; fileEncoding = 4; lastKnownFileType = sourcecode.swift; path = Post.swift; sourceTree = "<group>"; };
		764D447B1DA30DA100E14968 /* UserVC.swift */ = {isa = PBXFileReference; fileEncoding = 4; lastKnownFileType = sourcecode.swift; path = UserVC.swift; sourceTree = "<group>"; };
		764D447D1DA30EFE00E14968 /* InstagramAWS.entitlements */ = {isa = PBXFileReference; lastKnownFileType = text.plist.entitlements; path = InstagramAWS.entitlements; sourceTree = "<group>"; };
		764D447E1DA3119D00E14968 /* PostVC.swift */ = {isa = PBXFileReference; fileEncoding = 4; lastKnownFileType = sourcecode.swift; path = PostVC.swift; sourceTree = "<group>"; };
		76DBC6531DA3156B0038CC85 /* Constants.swift */ = {isa = PBXFileReference; fileEncoding = 4; lastKnownFileType = sourcecode.swift; path = Constants.swift; sourceTree = "<group>"; };
		76DBC6551DA34BFB0038CC85 /* FeedTableViewCell.swift */ = {isa = PBXFileReference; fileEncoding = 4; lastKnownFileType = sourcecode.swift; path = FeedTableViewCell.swift; sourceTree = "<group>"; };
		76DBC6591DA34E760038CC85 /* FeedTVC.swift */ = {isa = PBXFileReference; fileEncoding = 4; lastKnownFileType = sourcecode.swift; path = FeedTVC.swift; sourceTree = "<group>"; };
		BEC22B4807B4B06F118B0010 /* Pods-InstagramAWS.release.xcconfig */ = {isa = PBXFileReference; includeInIndex = 1; lastKnownFileType = text.xcconfig; name = "Pods-InstagramAWS.release.xcconfig"; path = "Pods/Target Support Files/Pods-InstagramAWS/Pods-InstagramAWS.release.xcconfig"; sourceTree = "<group>"; };
/* End PBXFileReference section */

/* Begin PBXFrameworksBuildPhase section */
		764D44551DA3096700E14968 /* Frameworks */ = {
			isa = PBXFrameworksBuildPhase;
			buildActionMask = 2147483647;
			files = (
				7A2E59CCE0D723C48F002A33 /* Pods_InstagramAWS.framework in Frameworks */,
			);
			runOnlyForDeploymentPostprocessing = 0;
		};
/* End PBXFrameworksBuildPhase section */

/* Begin PBXGroup section */
		3069B50F433E3AD15CF49C9A /* Pods */ = {
			isa = PBXGroup;
			children = (
				291035FAB46B6D1798AF8E08 /* Pods-InstagramAWS.debug.xcconfig */,
				BEC22B4807B4B06F118B0010 /* Pods-InstagramAWS.release.xcconfig */,
			);
			name = Pods;
			sourceTree = "<group>";
		};
		47895A5ED25FAD0EDE8D6747 /* Frameworks */ = {
			isa = PBXGroup;
			children = (
				01EF6B63E68E4484E2229405 /* Pods_InstagramAWS.framework */,
			);
			name = Frameworks;
			sourceTree = "<group>";
		};
		764D444F1DA3096700E14968 = {
			isa = PBXGroup;
			children = (
				764D445A1DA3096700E14968 /* InstagramAWS */,
				764D44591DA3096700E14968 /* Products */,
				3069B50F433E3AD15CF49C9A /* Pods */,
				47895A5ED25FAD0EDE8D6747 /* Frameworks */,
			);
			sourceTree = "<group>";
		};
		764D44591DA3096700E14968 /* Products */ = {
			isa = PBXGroup;
			children = (
				764D44581DA3096700E14968 /* InstagramAWS.app */,
			);
			name = Products;
			sourceTree = "<group>";
		};
		764D445A1DA3096700E14968 /* InstagramAWS */ = {
			isa = PBXGroup;
			children = (
				764D447D1DA30EFE00E14968 /* InstagramAWS.entitlements */,
				764D44701DA30B0A00E14968 /* Supporting Files */,
				764D446D1DA30AF100E14968 /* Model */,
				764D446F1DA30B0300E14968 /* Controller */,
				764D446E1DA30AFD00E14968 /* View */,
			);
			path = InstagramAWS;
			sourceTree = "<group>";
		};
		764D446D1DA30AF100E14968 /* Model */ = {
			isa = PBXGroup;
			children = (
				764D44731DA30C7500E14968 /* User.swift */,
				764D44751DA30D0D00E14968 /* Follower.swift */,
				764D44771DA30D1D00E14968 /* DatabaseService.swift */,
				764D44791DA30D6200E14968 /* Post.swift */,
			);
			name = Model;
			sourceTree = "<group>";
		};
		764D446E1DA30AFD00E14968 /* View */ = {
			isa = PBXGroup;
			children = (
				764D445F1DA3096800E14968 /* Main.storyboard */,
				764D44641DA3096800E14968 /* LaunchScreen.storyboard */,
			);
			name = View;
			sourceTree = "<group>";
		};
		764D446F1DA30B0300E14968 /* Controller */ = {
			isa = PBXGroup;
			children = (
				764D445D1DA3096800E14968 /* ViewController.swift */,
				764D447B1DA30DA100E14968 /* UserVC.swift */,
				764D447E1DA3119D00E14968 /* PostVC.swift */,
				76DBC6551DA34BFB0038CC85 /* FeedTableViewCell.swift */,
				76DBC6591DA34E760038CC85 /* FeedTVC.swift */,
			);
			name = Controller;
			sourceTree = "<group>";
		};
		764D44701DA30B0A00E14968 /* Supporting Files */ = {
			isa = PBXGroup;
			children = (
				764D44711DA30B8000E14968 /* GoogleService-Info.plist */,
				764D445B1DA3096700E14968 /* AppDelegate.swift */,
				764D44621DA3096800E14968 /* Assets.xcassets */,
				764D44671DA3096800E14968 /* Info.plist */,
				76DBC6531DA3156B0038CC85 /* Constants.swift */,
			);
			name = "Supporting Files";
			sourceTree = "<group>";
		};
/* End PBXGroup section */

/* Begin PBXNativeTarget section */
		764D44571DA3096700E14968 /* InstagramAWS */ = {
			isa = PBXNativeTarget;
			buildConfigurationList = 764D446A1DA3096800E14968 /* Build configuration list for PBXNativeTarget "InstagramAWS" */;
			buildPhases = (
				91C67331BF2735B1B38D1D35 /* [CP] Check Pods Manifest.lock */,
				764D44541DA3096700E14968 /* Sources */,
				764D44551DA3096700E14968 /* Frameworks */,
				764D44561DA3096700E14968 /* Resources */,
				13608213E9BA53AE09804B14 /* [CP] Embed Pods Frameworks */,
				8EBE12181B796C20395DE4BD /* [CP] Copy Pods Resources */,
			);
			buildRules = (
			);
			dependencies = (
			);
			name = InstagramAWS;
			productName = InstagramAWS;
			productReference = 764D44581DA3096700E14968 /* InstagramAWS.app */;
			productType = "com.apple.product-type.application";
		};
/* End PBXNativeTarget section */

/* Begin PBXProject section */
		764D44501DA3096700E14968 /* Project object */ = {
			isa = PBXProject;
			attributes = {
				LastSwiftUpdateCheck = 0800;
				LastUpgradeCheck = 0800;
				ORGANIZATIONNAME = BoogieSquad;
				TargetAttributes = {
					764D44571DA3096700E14968 = {
						CreatedOnToolsVersion = 8.0;
						DevelopmentTeam = G57AD7E667;
						ProvisioningStyle = Automatic;
						SystemCapabilities = {
							com.apple.Keychain = {
								enabled = 1;
							};
						};
					};
				};
			};
			buildConfigurationList = 764D44531DA3096700E14968 /* Build configuration list for PBXProject "InstagramAWS" */;
			compatibilityVersion = "Xcode 3.2";
			developmentRegion = English;
			hasScannedForEncodings = 0;
			knownRegions = (
				en,
				Base,
			);
			mainGroup = 764D444F1DA3096700E14968;
			productRefGroup = 764D44591DA3096700E14968 /* Products */;
			projectDirPath = "";
			projectRoot = "";
			targets = (
				764D44571DA3096700E14968 /* InstagramAWS */,
			);
		};
/* End PBXProject section */

/* Begin PBXResourcesBuildPhase section */
		764D44561DA3096700E14968 /* Resources */ = {
			isa = PBXResourcesBuildPhase;
			buildActionMask = 2147483647;
			files = (
				764D44661DA3096800E14968 /* LaunchScreen.storyboard in Resources */,
				764D44721DA30B8000E14968 /* GoogleService-Info.plist in Resources */,
				764D44631DA3096800E14968 /* Assets.xcassets in Resources */,
				764D44611DA3096800E14968 /* Main.storyboard in Resources */,
			);
			runOnlyForDeploymentPostprocessing = 0;
		};
/* End PBXResourcesBuildPhase section */

/* Begin PBXShellScriptBuildPhase section */
		13608213E9BA53AE09804B14 /* [CP] Embed Pods Frameworks */ = {
			isa = PBXShellScriptBuildPhase;
			buildActionMask = 2147483647;
			files = (
			);
			inputPaths = (
			);
			name = "[CP] Embed Pods Frameworks";
			outputPaths = (
			);
			runOnlyForDeploymentPostprocessing = 0;
			shellPath = /bin/sh;
			shellScript = "\"${SRCROOT}/Pods/Target Support Files/Pods-InstagramAWS/Pods-InstagramAWS-frameworks.sh\"\n";
			showEnvVarsInLog = 0;
		};
		8EBE12181B796C20395DE4BD /* [CP] Copy Pods Resources */ = {
			isa = PBXShellScriptBuildPhase;
			buildActionMask = 2147483647;
			files = (
			);
			inputPaths = (
			);
			name = "[CP] Copy Pods Resources";
			outputPaths = (
			);
			runOnlyForDeploymentPostprocessing = 0;
			shellPath = /bin/sh;
			shellScript = "\"${SRCROOT}/Pods/Target Support Files/Pods-InstagramAWS/Pods-InstagramAWS-resources.sh\"\n";
			showEnvVarsInLog = 0;
		};
		91C67331BF2735B1B38D1D35 /* [CP] Check Pods Manifest.lock */ = {
			isa = PBXShellScriptBuildPhase;
			buildActionMask = 2147483647;
			files = (
			);
			inputPaths = (
			);
			name = "[CP] Check Pods Manifest.lock";
			outputPaths = (
			);
			runOnlyForDeploymentPostprocessing = 0;
			shellPath = /bin/sh;
			shellScript = "diff \"${PODS_ROOT}/../Podfile.lock\" \"${PODS_ROOT}/Manifest.lock\" > /dev/null\nif [ $? != 0 ] ; then\n    # print error to STDERR\n    echo \"error: The sandbox is not in sync with the Podfile.lock. Run 'pod install' or update your CocoaPods installation.\" >&2\n    exit 1\nfi\n";
			showEnvVarsInLog = 0;
		};
/* End PBXShellScriptBuildPhase section */

/* Begin PBXSourcesBuildPhase section */
		764D44541DA3096700E14968 /* Sources */ = {
			isa = PBXSourcesBuildPhase;
			buildActionMask = 2147483647;
			files = (
				764D447C1DA30DA100E14968 /* UserVC.swift in Sources */,
				764D445E1DA3096800E14968 /* ViewController.swift in Sources */,
				76DBC65A1DA34E760038CC85 /* FeedTVC.swift in Sources */,
				764D44781DA30D1D00E14968 /* DatabaseService.swift in Sources */,
				764D445C1DA3096700E14968 /* AppDelegate.swift in Sources */,
				764D447A1DA30D6200E14968 /* Post.swift in Sources */,
				764D44741DA30C7500E14968 /* User.swift in Sources */,
				764D447F1DA3119D00E14968 /* PostVC.swift in Sources */,
				764D44761DA30D0D00E14968 /* Follower.swift in Sources */,
				76DBC6541DA3156B0038CC85 /* Constants.swift in Sources */,
				76DBC6561DA34BFB0038CC85 /* FeedTableViewCell.swift in Sources */,
			);
			runOnlyForDeploymentPostprocessing = 0;
		};
/* End PBXSourcesBuildPhase section */

/* Begin PBXVariantGroup section */
		764D445F1DA3096800E14968 /* Main.storyboard */ = {
			isa = PBXVariantGroup;
			children = (
				764D44601DA3096800E14968 /* Base */,
			);
			name = Main.storyboard;
			sourceTree = "<group>";
		};
		764D44641DA3096800E14968 /* LaunchScreen.storyboard */ = {
			isa = PBXVariantGroup;
			children = (
				764D44651DA3096800E14968 /* Base */,
			);
			name = LaunchScreen.storyboard;
			sourceTree = "<group>";
		};
/* End PBXVariantGroup section */

/* Begin XCBuildConfiguration section */
		764D44681DA3096800E14968 /* Debug */ = {
			isa = XCBuildConfiguration;
			buildSettings = {
				ALWAYS_SEARCH_USER_PATHS = NO;
				CLANG_ANALYZER_NONNULL = YES;
				CLANG_CXX_LANGUAGE_STANDARD = "gnu++0x";
				CLANG_CXX_LIBRARY = "libc++";
				CLANG_ENABLE_MODULES = YES;
				CLANG_ENABLE_OBJC_ARC = YES;
				CLANG_WARN_BOOL_CONVERSION = YES;
				CLANG_WARN_CONSTANT_CONVERSION = YES;
				CLANG_WARN_DIRECT_OBJC_ISA_USAGE = YES_ERROR;
				CLANG_WARN_DOCUMENTATION_COMMENTS = YES;
				CLANG_WARN_EMPTY_BODY = YES;
				CLANG_WARN_ENUM_CONVERSION = YES;
				CLANG_WARN_INFINITE_RECURSION = YES;
				CLANG_WARN_INT_CONVERSION = YES;
				CLANG_WARN_OBJC_ROOT_CLASS = YES_ERROR;
				CLANG_WARN_SUSPICIOUS_MOVES = YES;
				CLANG_WARN_UNREACHABLE_CODE = YES;
				CLANG_WARN__DUPLICATE_METHOD_MATCH = YES;
				"CODE_SIGN_IDENTITY[sdk=iphoneos*]" = "iPhone Developer";
				COPY_PHASE_STRIP = NO;
				DEBUG_INFORMATION_FORMAT = dwarf;
				ENABLE_STRICT_OBJC_MSGSEND = YES;
				ENABLE_TESTABILITY = YES;
				GCC_C_LANGUAGE_STANDARD = gnu99;
				GCC_DYNAMIC_NO_PIC = NO;
				GCC_NO_COMMON_BLOCKS = YES;
				GCC_OPTIMIZATION_LEVEL = 0;
				GCC_PREPROCESSOR_DEFINITIONS = (
					"DEBUG=1",
					"$(inherited)",
				);
				GCC_WARN_64_TO_32_BIT_CONVERSION = YES;
				GCC_WARN_ABOUT_RETURN_TYPE = YES_ERROR;
				GCC_WARN_UNDECLARED_SELECTOR = YES;
				GCC_WARN_UNINITIALIZED_AUTOS = YES_AGGRESSIVE;
				GCC_WARN_UNUSED_FUNCTION = YES;
				GCC_WARN_UNUSED_VARIABLE = YES;
				IPHONEOS_DEPLOYMENT_TARGET = 10.0;
				MTL_ENABLE_DEBUG_INFO = YES;
				ONLY_ACTIVE_ARCH = YES;
				SDKROOT = iphoneos;
				SWIFT_ACTIVE_COMPILATION_CONDITIONS = DEBUG;
				SWIFT_OPTIMIZATION_LEVEL = "-Onone";
				TARGETED_DEVICE_FAMILY = "1,2";
			};
			name = Debug;
		};
		764D44691DA3096800E14968 /* Release */ = {
			isa = XCBuildConfiguration;
			buildSettings = {
				ALWAYS_SEARCH_USER_PATHS = NO;
				CLANG_ANALYZER_NONNULL = YES;
				CLANG_CXX_LANGUAGE_STANDARD = "gnu++0x";
				CLANG_CXX_LIBRARY = "libc++";
				CLANG_ENABLE_MODULES = YES;
				CLANG_ENABLE_OBJC_ARC = YES;
				CLANG_WARN_BOOL_CONVERSION = YES;
				CLANG_WARN_CONSTANT_CONVERSION = YES;
				CLANG_WARN_DIRECT_OBJC_ISA_USAGE = YES_ERROR;
				CLANG_WARN_DOCUMENTATION_COMMENTS = YES;
				CLANG_WARN_EMPTY_BODY = YES;
				CLANG_WARN_ENUM_CONVERSION = YES;
				CLANG_WARN_INFINITE_RECURSION = YES;
				CLANG_WARN_INT_CONVERSION = YES;
				CLANG_WARN_OBJC_ROOT_CLASS = YES_ERROR;
				CLANG_WARN_SUSPICIOUS_MOVES = YES;
				CLANG_WARN_UNREACHABLE_CODE = YES;
				CLANG_WARN__DUPLICATE_METHOD_MATCH = YES;
				"CODE_SIGN_IDENTITY[sdk=iphoneos*]" = "iPhone Developer";
				COPY_PHASE_STRIP = NO;
				DEBUG_INFORMATION_FORMAT = "dwarf-with-dsym";
				ENABLE_NS_ASSERTIONS = NO;
				ENABLE_STRICT_OBJC_MSGSEND = YES;
				GCC_C_LANGUAGE_STANDARD = gnu99;
				GCC_NO_COMMON_BLOCKS = YES;
				GCC_WARN_64_TO_32_BIT_CONVERSION = YES;
				GCC_WARN_ABOUT_RETURN_TYPE = YES_ERROR;
				GCC_WARN_UNDECLARED_SELECTOR = YES;
				GCC_WARN_UNINITIALIZED_AUTOS = YES_AGGRESSIVE;
				GCC_WARN_UNUSED_FUNCTION = YES;
				GCC_WARN_UNUSED_VARIABLE = YES;
				IPHONEOS_DEPLOYMENT_TARGET = 10.0;
				MTL_ENABLE_DEBUG_INFO = NO;
				SDKROOT = iphoneos;
				SWIFT_OPTIMIZATION_LEVEL = "-Owholemodule";
				TARGETED_DEVICE_FAMILY = "1,2";
				VALIDATE_PRODUCT = YES;
			};
			name = Release;
		};
		764D446B1DA3096800E14968 /* Debug */ = {
			isa = XCBuildConfiguration;
			baseConfigurationReference = 291035FAB46B6D1798AF8E08 /* Pods-InstagramAWS.debug.xcconfig */;
			buildSettings = {
				ASSETCATALOG_COMPILER_APPICON_NAME = AppIcon;
				CODE_SIGN_ENTITLEMENTS = InstagramAWS/InstagramAWS.entitlements;
				DEVELOPMENT_TEAM = G57AD7E667;
				INFOPLIST_FILE = InstagramAWS/Info.plist;
				LD_RUNPATH_SEARCH_PATHS = "$(inherited) @executable_path/Frameworks";
				PRODUCT_BUNDLE_IDENTIFIER = "com.-BoogieSquad.InstagramAWS";
				PRODUCT_NAME = "$(TARGET_NAME)";
				SWIFT_VERSION = 2.3;
			};
			name = Debug;
		};
		764D446C1DA3096800E14968 /* Release */ = {
			isa = XCBuildConfiguration;
			baseConfigurationReference = BEC22B4807B4B06F118B0010 /* Pods-InstagramAWS.release.xcconfig */;
			buildSettings = {
				ASSETCATALOG_COMPILER_APPICON_NAME = AppIcon;
				CODE_SIGN_ENTITLEMENTS = InstagramAWS/InstagramAWS.entitlements;
				DEVELOPMENT_TEAM = G57AD7E667;
				INFOPLIST_FILE = InstagramAWS/Info.plist;
				LD_RUNPATH_SEARCH_PATHS = "$(inherited) @executable_path/Frameworks";
				PRODUCT_BUNDLE_IDENTIFIER = "com.-BoogieSquad.InstagramAWS";
				PRODUCT_NAME = "$(TARGET_NAME)";
				SWIFT_VERSION = 2.3;
			};
			name = Release;
		};
/* End XCBuildConfiguration section */

/* Begin XCConfigurationList section */
		764D44531DA3096700E14968 /* Build configuration list for PBXProject "InstagramAWS" */ = {
			isa = XCConfigurationList;
			buildConfigurations = (
				764D44681DA3096800E14968 /* Debug */,
				764D44691DA3096800E14968 /* Release */,
			);
			defaultConfigurationIsVisible = 0;
			defaultConfigurationName = Release;
		};
		764D446A1DA3096800E14968 /* Build configuration list for PBXNativeTarget "InstagramAWS" */ = {
			isa = XCConfigurationList;
			buildConfigurations = (
				764D446B1DA3096800E14968 /* Debug */,
				764D446C1DA3096800E14968 /* Release */,
			);
			defaultConfigurationIsVisible = 0;
			defaultConfigurationName = Release;
		};
/* End XCConfigurationList section */
	};
	rootObject = 764D44501DA3096700E14968 /* Project object */;
}
